
Microsoft Visual Studio Solution File, Format Version 12.00
# Visual Studio 14
VisualStudioVersion = 14.0.24720.0
MinimumVisualStudioVersion = 10.0.40219.1
Project("{FAE04EC0-301F-11D3-BF4B-00C04F79EFBC}") = "C1XLBookSample", "C1XLBookSample\C1XLBookSample.csproj", "{715482AB-721F-4D53-9BB9-91E0DED1F1DA}"
EndProject
Global
	GlobalSection(SolutionConfigurationPlatforms) = preSolution
		Debug|Any CPU = Debug|Any CPU
		Release|Any CPU = Release|Any CPU
	EndGlobalSection
	GlobalSection(ProjectConfigurationPlatforms) = postSolution
		{715482AB-721F-4D53-9BB9-91E0DED1F1DA}.Debug|Any CPU.ActiveCfg = Debug|Any CPU
		{715482AB-721F-4D53-9BB9-91E0DED1F1DA}.Debug|Any CPU.Build.0 = Debug|Any CPU
		{715482AB-721F-4D53-9BB9-91E0DED1F1DA}.Release|Any CPU.ActiveCfg = Release|Any CPU
		{715482AB-721F-4D53-9BB9-91E0DED1F1DA}.Release|Any CPU.Build.0 = Release|Any CPU
	EndGlobalSection
	GlobalSection(SolutionProperties) = preSolution
		HideSolutionNode = FALSE
	EndGlobalSection
EndGlobal
